Microsoft Visual Studio Solution File, Format Version 11.00
# Visual Studio 2008

Project("{1E095360-FF91-487A-B40C-A2CBBB57CA35}") = "MainBuild", "Assembly-CSharp-vs.csproj", "{3F4A5D0B-37D8-DED1-4FAF-74D0B695A257}"
EndProject
Global
	GlobalSection(SolutionConfigurationPlatforms) = preSolution
		Debug|Any CPU = Debug|Any CPU
		Release|Any CPU = Release|Any CPU
	EndGlobalSection
	GlobalSection(ProjectConfigurationPlatforms) = postSolution
		{3F4A5D0B-37D8-DED1-4FAF-74D0B695A257}.Debug|Any CPU.ActiveCfg = Debug|Any CPU
		{3F4A5D0B-37D8-DED1-4FAF-74D0B695A257}.Debug|Any CPU.Build.0 = Debug|Any CPU
		{3F4A5D0B-37D8-DED1-4FAF-74D0B695A257}.Release|Any CPU.ActiveCfg = Release|Any CPU
		{3F4A5D0B-37D8-DED1-4FAF-74D0B695A257}.Release|Any CPU.Build.0 = Release|Any CPU
	EndGlobalSection
	GlobalSection(SolutionProperties) = preSolution
		HideSolutionNode = FALSE
	EndGlobalSection
																																																																																																																														GlobalSection(MonoDevelopProperties) = preSolution
=======
																																																																																																																										GlobalSection(MonoDevelopProperties) = preSolution
>>>>>>> 8e30df11c356a7b6b781b2fbd929fdc4e0eb9d06
=======
																																																																																																																													GlobalSection(MonoDevelopProperties) = preSolution
>>>>>>> f8d10bf5a17fcb775d2f84a083fa9d6b74fbf0b1
=======
																																																																																																																																	GlobalSection(MonoDevelopProperties) = preSolution
>>>>>>> d58d9e860bf2501a3a42389f5de6d3e5106c6346
=======
																																																																																																																																																GlobalSection(MonoDevelopProperties) = preSolution
>>>>>>> f9f3998a8fd16a457659281f686298cb0b1b5afd
=======
																																																																																										GlobalSection(MonoDevelopProperties) = preSolution
>>>>>>> 37cb998322904427582335533e48006a25ff3cec
=======
																																																																									GlobalSection(MonoDevelopProperties) = preSolution
>>>>>>> b896a1c9a808496bff5c4c74b810e3f5e4829af6
=======
																																																GlobalSection(MonoDevelopProperties) = preSolution
>>>>>>> 1daeee71cf439d287f448841b66d649bf1adaf72
		StartupItem = Assembly-CSharp.csproj
		Policies = $0
		$0.TextStylePolicy = $1
		$1.inheritsSet = null
		$1.scope = text/x-csharp
		$0.CSharpFormattingPolicy = $2
		$2.inheritsSet = Mono
		$2.inheritsScope = text/x-csharp
		$2.scope = text/x-csharp
		$0.TextStylePolicy = $3
		$3.FileWidth = 120
		$3.TabWidth = 4
		$3.EolMarker = Unix
		$3.inheritsSet = Mono
		$3.inheritsScope = text/plain
		$3.scope = text/plain
	EndGlobalSection

EndGlobal
